
Microsoft Visual Studio Solution File, Format Version 12.00
# Visual Studio Version 17
VisualStudioVersion = 17.10.35004.147
MinimumVisualStudioVersion = 10.0.40219.1
Project("{54A90642-561A-4BB1-A94E-469ADEE60C69}") = "angular-hexagonal.client", "angular-hexagonal.client\angular-hexagonal.client.esproj", "{2D638233-0DDC-434E-9FF8-6AF4FF28EC3B}"
EndProject
Project("{2150E333-8FDC-42A3-9474-1A3956D46DE8}") = "Adapters", "Adapters", "{6D16A6B7-E6C0-4DE3-A28F-3251ADB64BC1}"
EndProject
Project("{2150E333-8FDC-42A3-9474-1A3956D46DE8}") = "Core", "Core", "{1831601D-D9F5-4631-94F7-19E77354B7C8}"
EndProject
Project("{2150E333-8FDC-42A3-9474-1A3956D46DE8}") = "1 - Gates", "1 - Gates", "{06FBF028-9562-47EC-87A6-038044D4DEF0}"
EndProject
Project("{2150E333-8FDC-42A3-9474-1A3956D46DE8}") = "2 - Infra", "2 - Infra", "{3A0354E7-A4AF-4584-A66A-264834915043}"
EndProject
Project("{9A19103F-16F7-4668-BE54-9A1E7A4F7556}") = "angular-hexagonal.WebApi", "WebApi\angular-hexagonal.WebApi.csproj", "{F089857B-C85F-4434-A59D-690DF4493388}"
EndProject
Project("{9A19103F-16F7-4668-BE54-9A1E7A4F7556}") = "Infra.Data", "Infra.Data\Infra.Data.csproj", "{4A8425CA-E69C-43B6-BBBB-83488788F2FD}"
EndProject
Project("{9A19103F-16F7-4668-BE54-9A1E7A4F7556}") = "Infra.Email", "Infra.Email\Infra.Email.csproj", "{09E81126-D45A-4E19-A876-5EABB737C57B}"
EndProject
Project("{9A19103F-16F7-4668-BE54-9A1E7A4F7556}") = "Domain", "Domain\Domain.csproj", "{4296453A-B7E7-48DB-8096-98A75EE495A1}"
EndProject
Project("{9A19103F-16F7-4668-BE54-9A1E7A4F7556}") = "Application", "Application\Application.csproj", "{4B2FA86C-522D-48CE-97F1-5A25E0E37E49}"
EndProject
Project("{9A19103F-16F7-4668-BE54-9A1E7A4F7556}") = "Domain.Tests", "Domain.Tests\Domain.Tests.csproj", "{BF9BC4CC-B30A-4918-ACAC-CCE615869935}"
EndProject
Global
	GlobalSection(SolutionConfigurationPlatforms) = preSolution
		Debug|Any CPU = Debug|Any CPU
		Release|Any CPU = Release|Any CPU
	EndGlobalSection
	GlobalSection(ProjectConfigurationPlatforms) = postSolution
		{2D638233-0DDC-434E-9FF8-6AF4FF28EC3B}.Debug|Any CPU.ActiveCfg = Debug|Any CPU
		{2D638233-0DDC-434E-9FF8-6AF4FF28EC3B}.Debug|Any CPU.Build.0 = Debug|Any CPU
		{2D638233-0DDC-434E-9FF8-6AF4FF28EC3B}.Debug|Any CPU.Deploy.0 = Debug|Any CPU
		{2D638233-0DDC-434E-9FF8-6AF4FF28EC3B}.Release|Any CPU.ActiveCfg = Release|Any CPU
		{2D638233-0DDC-434E-9FF8-6AF4FF28EC3B}.Release|Any CPU.Build.0 = Release|Any CPU
		{2D638233-0DDC-434E-9FF8-6AF4FF28EC3B}.Release|Any CPU.Deploy.0 = Release|Any CPU
		{F089857B-C85F-4434-A59D-690DF4493388}.Debug|Any CPU.ActiveCfg = Debug|Any CPU
		{F089857B-C85F-4434-A59D-690DF4493388}.Debug|Any CPU.Build.0 = Debug|Any CPU
		{F089857B-C85F-4434-A59D-690DF4493388}.Release|Any CPU.ActiveCfg = Release|Any CPU
		{F089857B-C85F-4434-A59D-690DF4493388}.Release|Any CPU.Build.0 = Release|Any CPU
		{4A8425CA-E69C-43B6-BBBB-83488788F2FD}.Debug|Any CPU.ActiveCfg = Debug|Any CPU
		{4A8425CA-E69C-43B6-BBBB-83488788F2FD}.Debug|Any CPU.Build.0 = Debug|Any CPU
		{4A8425CA-E69C-43B6-BBBB-83488788F2FD}.Release|Any CPU.ActiveCfg = Release|Any CPU
		{4A8425CA-E69C-43B6-BBBB-83488788F2FD}.Release|Any CPU.Build.0 = Release|Any CPU
		{09E81126-D45A-4E19-A876-5EABB737C57B}.Debug|Any CPU.ActiveCfg = Debug|Any CPU
		{09E81126-D45A-4E19-A876-5EABB737C57B}.Debug|Any CPU.Build.0 = Debug|Any CPU
		{09E81126-D45A-4E19-A876-5EABB737C57B}.Release|Any CPU.ActiveCfg = Release|Any CPU
		{09E81126-D45A-4E19-A876-5EABB737C57B}.Release|Any CPU.Build.0 = Release|Any CPU
		{4296453A-B7E7-48DB-8096-98A75EE495A1}.Debug|Any CPU.ActiveCfg = Debug|Any CPU
		{4296453A-B7E7-48DB-8096-98A75EE495A1}.Debug|Any CPU.Build.0 = Debug|Any CPU
		{4296453A-B7E7-48DB-8096-98A75EE495A1}.Release|Any CPU.ActiveCfg = Release|Any CPU
		{4296453A-B7E7-48DB-8096-98A75EE495A1}.Release|Any CPU.Build.0 = Release|Any CPU
		{4B2FA86C-522D-48CE-97F1-5A25E0E37E49}.Debug|Any CPU.ActiveCfg = Debug|Any CPU
		{4B2FA86C-522D-48CE-97F1-5A25E0E37E49}.Debug|Any CPU.Build.0 = Debug|Any CPU
		{4B2FA86C-522D-48CE-97F1-5A25E0E37E49}.Release|Any CPU.ActiveCfg = Release|Any CPU
		{4B2FA86C-522D-48CE-97F1-5A25E0E37E49}.Release|Any CPU.Build.0 = Release|Any CPU
		{BF9BC4CC-B30A-4918-ACAC-CCE615869935}.Debug|Any CPU.ActiveCfg = Debug|Any CPU
		{BF9BC4CC-B30A-4918-ACAC-CCE615869935}.Debug|Any CPU.Build.0 = Debug|Any CPU
		{BF9BC4CC-B30A-4918-ACAC-CCE615869935}.Release|Any CPU.ActiveCfg = Release|Any CPU
		{BF9BC4CC-B30A-4918-ACAC-CCE615869935}.Release|Any CPU.Build.0 = Release|Any CPU
	EndGlobalSection
	GlobalSection(SolutionProperties) = preSolution
		HideSolutionNode = FALSE
	EndGlobalSection
	GlobalSection(NestedProjects) = preSolution
		{2D638233-0DDC-434E-9FF8-6AF4FF28EC3B} = {06FBF028-9562-47EC-87A6-038044D4DEF0}
		{06FBF028-9562-47EC-87A6-038044D4DEF0} = {6D16A6B7-E6C0-4DE3-A28F-3251ADB64BC1}
		{3A0354E7-A4AF-4584-A66A-264834915043} = {6D16A6B7-E6C0-4DE3-A28F-3251ADB64BC1}
		{F089857B-C85F-4434-A59D-690DF4493388} = {06FBF028-9562-47EC-87A6-038044D4DEF0}
		{4A8425CA-E69C-43B6-BBBB-83488788F2FD} = {3A0354E7-A4AF-4584-A66A-264834915043}
		{09E81126-D45A-4E19-A876-5EABB737C57B} = {3A0354E7-A4AF-4584-A66A-264834915043}
		{4296453A-B7E7-48DB-8096-98A75EE495A1} = {1831601D-D9F5-4631-94F7-19E77354B7C8}
		{4B2FA86C-522D-48CE-97F1-5A25E0E37E49} = {1831601D-D9F5-4631-94F7-19E77354B7C8}
		{BF9BC4CC-B30A-4918-ACAC-CCE615869935} = {1831601D-D9F5-4631-94F7-19E77354B7C8}
	EndGlobalSection
	GlobalSection(ExtensibilityGlobals) = postSolution
		SolutionGuid = {2C02A0EA-59CE-49A8-B0DD-8380681C2C49}
	EndGlobalSection
EndGlobal
